
Microsoft Visual Studio Solution File, Format Version 12.00
# Visual Studio Version 16
VisualStudioVersion = 16.0.30114.105
MinimumVisualStudioVersion = 10.0.40219.1
Project("{FAE04EC0-301F-11D3-BF4B-00C04F79EFBC}") = "EchoApp.Tests", "EchoApp.Tests\EchoApp.Tests.csproj", "{6DB2C083-F5E0-4AF0-823F-77CB4F65F238}"
EndProject
Project("{FAE04EC0-301F-11D3-BF4B-00C04F79EFBC}") = "EchoApp", "EchoApp\EchoApp.csproj", "{DDB7FF9F-E5D4-4858-8420-4C12C8C99703}"
EndProject
Global
	GlobalSection(SolutionConfigurationPlatforms) = preSolution
		Debug|Any CPU = Debug|Any CPU
		Release|Any CPU = Release|Any CPU
	EndGlobalSection
	GlobalSection(SolutionProperties) = preSolution
		HideSolutionNode = FALSE
	EndGlobalSection
	GlobalSection(ProjectConfigurationPlatforms) = postSolution
		{6DB2C083-F5E0-4AF0-823F-77CB4F65F238}.Debug|Any CPU.ActiveCfg = Debug|Any CPU
		{6DB2C083-F5E0-4AF0-823F-77CB4F65F238}.Debug|Any CPU.Build.0 = Debug|Any CPU
		{6DB2C083-F5E0-4AF0-823F-77CB4F65F238}.Release|Any CPU.ActiveCfg = Release|Any CPU
		{6DB2C083-F5E0-4AF0-823F-77CB4F65F238}.Release|Any CPU.Build.0 = Release|Any CPU
		{DDB7FF9F-E5D4-4858-8420-4C12C8C99703}.Debug|Any CPU.ActiveCfg = Debug|Any CPU
		{DDB7FF9F-E5D4-4858-8420-4C12C8C99703}.Debug|Any CPU.Build.0 = Debug|Any CPU
		{DDB7FF9F-E5D4-4858-8420-4C12C8C99703}.Release|Any CPU.ActiveCfg = Release|Any CPU
		{DDB7FF9F-E5D4-4858-8420-4C12C8C99703}.Release|Any CPU.Build.0 = Release|Any CPU
	EndGlobalSection
EndGlobal
